// !$*UTF8*$!
{
	archiveVersion = 1;
	classes = {
	};
	objectVersion = 50;
	objects = {

/* Begin PBXBuildFile section */
		385D043D226465B8002983A4 /* vegTableViewCell.swift in Sources */ = {isa = PBXBuildFile; fileRef = 385D043C226465B8002983A4 /* vegTableViewCell.swift */; };
		38692D7A22641F6C0048390D /* AppDelegate.swift in Sources */ = {isa = PBXBuildFile; fileRef = 38692D7922641F6C0048390D /* AppDelegate.swift */; };
		38692D7C22641F6C0048390D /* ViewController.swift in Sources */ = {isa = PBXBuildFile; fileRef = 38692D7B22641F6C0048390D /* ViewController.swift */; };
		38692D7F22641F6C0048390D /* Main.storyboard in Resources */ = {isa = PBXBuildFile; fileRef = 38692D7D22641F6C0048390D /* Main.storyboard */; };
		38692D8222641F6C0048390D /* VegFood.xcdatamodeld in Sources */ = {isa = PBXBuildFile; fileRef = 38692D8022641F6C0048390D /* VegFood.xcdatamodeld */; };
		38692D8422641F6E0048390D /* Assets.xcassets in Resources */ = {isa = PBXBuildFile; fileRef = 38692D8322641F6E0048390D /* Assets.xcassets */; };
		38692D8722641F6E0048390D /* LaunchScreen.storyboard in Resources */ = {isa = PBXBuildFile; fileRef = 38692D8522641F6E0048390D /* LaunchScreen.storyboard */; };
		38692D9222641F6E0048390D /* VegFoodTests.swift in Sources */ = {isa = PBXBuildFile; fileRef = 38692D9122641F6E0048390D /* VegFoodTests.swift */; };
		38692D9D22641F6E0048390D /* VegFoodUITests.swift in Sources */ = {isa = PBXBuildFile; fileRef = 38692D9C22641F6E0048390D /* VegFoodUITests.swift */; };
		38692DAB226428D60048390D /* VegTableViewController.swift in Sources */ = {isa = PBXBuildFile; fileRef = 38692DAA226428D60048390D /* VegTableViewController.swift */; };
		38692DAD226446C50048390D /* DishesDetailViewController.swift in Sources */ = {isa = PBXBuildFile; fileRef = 38692DAC226446C50048390D /* DishesDetailViewController.swift */; };
		38692DAF226454600048390D /* ProfileViewController.swift in Sources */ = {isa = PBXBuildFile; fileRef = 38692DAE226454600048390D /* ProfileViewController.swift */; };
		38692DB1226454A70048390D /* HomeViewController.swift in Sources */ = {isa = PBXBuildFile; fileRef = 38692DB0226454A70048390D /* HomeViewController.swift */; };
/* End PBXBuildFile section */

/* Begin PBXContainerItemProxy section */
		38692D8E22641F6E0048390D /* PBXContainerItemProxy */ = {
			isa = PBXContainerItemProxy;
			containerPortal = 38692D6E22641F6C0048390D /* Project object */;
			proxyType = 1;
			remoteGlobalIDString = 38692D7522641F6C0048390D;
			remoteInfo = VegFood;
		};
		38692D9922641F6E0048390D /* PBXContainerItemProxy */ = {
			isa = PBXContainerItemProxy;
			containerPortal = 38692D6E22641F6C0048390D /* Project object */;
			proxyType = 1;
			remoteGlobalIDString = 38692D7522641F6C0048390D;
			remoteInfo = VegFood;
		};
/* End PBXContainerItemProxy section */

/* Begin PBXFileReference section */
		385D043C226465B8002983A4 /* vegTableViewCell.swift */ = {isa = PBXFileReference; lastKnownFileType = sourcecode.swift; path = vegTableViewCell.swift; sourceTree = "<group>"; };
		38692D7622641F6C0048390D /* VegFood.app */ = {isa = PBXFileReference; explicitFileType = wrapper.application; includeInIndex = 0; path = VegFood.app; sourceTree = BUILT_PRODUCTS_DIR; };
		38692D7922641F6C0048390D /* AppDelegate.swift */ = {isa = PBXFileReference; lastKnownFileType = sourcecode.swift; path = AppDelegate.swift; sourceTree = "<group>"; };
		38692D7B22641F6C0048390D /* ViewController.swift */ = {isa = PBXFileReference; lastKnownFileType = sourcecode.swift; path = ViewController.swift; sourceTree = "<group>"; };
		38692D7E22641F6C0048390D /* Base */ = {isa = PBXFileReference; lastKnownFileType = file.storyboard; name = Base; path = Base.lproj/Main.storyboard; sourceTree = "<group>"; };
		38692D8122641F6C0048390D /* VegFood.xcdatamodel */ = {isa = PBXFileReference; lastKnownFileType = wrapper.xcdatamodel; path = VegFood.xcdatamodel; sourceTree = "<group>"; };
		38692D8322641F6E0048390D /* Assets.xcassets */ = {isa = PBXFileReference; lastKnownFileType = folder.assetcatalog; path = Assets.xcassets; sourceTree = "<group>"; };
		38692D8622641F6E0048390D /* Base */ = {isa = PBXFileReference; lastKnownFileType = file.storyboard; name = Base; path = Base.lproj/LaunchScreen.storyboard; sourceTree = "<group>"; };
		38692D8822641F6E0048390D /* Info.plist */ = {isa = PBXFileReference; lastKnownFileType = text.plist.xml; path = Info.plist; sourceTree = "<group>"; };
		38692D8D22641F6E0048390D /* VegFoodTests.xctest */ = {isa = PBXFileReference; explicitFileType = wrapper.cfbundle; includeInIndex = 0; path = VegFoodTests.xctest; sourceTree = BUILT_PRODUCTS_DIR; };
		38692D9122641F6E0048390D /* VegFoodTests.swift */ = {isa = PBXFileReference; lastKnownFileType = sourcecode.swift; path = VegFoodTests.swift; sourceTree = "<group>"; };
		38692D9322641F6E0048390D /* Info.plist */ = {isa = PBXFileReference; lastKnownFileType = text.plist.xml; path = Info.plist; sourceTree = "<group>"; };
		38692D9822641F6E0048390D /* VegFoodUITests.xctest */ = {isa = PBXFileReference; explicitFileType = wrapper.cfbundle; includeInIndex = 0; path = VegFoodUITests.xctest; sourceTree = BUILT_PRODUCTS_DIR; };
		38692D9C22641F6E0048390D /* VegFoodUITests.swift */ = {isa = PBXFileReference; lastKnownFileType = sourcecode.swift; path = VegFoodUITests.swift; sourceTree = "<group>"; };
		38692D9E22641F6E0048390D /* Info.plist */ = {isa = PBXFileReference; lastKnownFileType = text.plist.xml; path = Info.plist; sourceTree = "<group>"; };
		38692DAA226428D60048390D /* VegTableViewController.swift */ = {isa = PBXFileReference; lastKnownFileType = sourcecode.swift; path = VegTableViewController.swift; sourceTree = "<group>"; };
		38692DAC226446C50048390D /* DishesDetailViewController.swift */ = {isa = PBXFileReference; lastKnownFileType = sourcecode.swift; path = DishesDetailViewController.swift; sourceTree = "<group>"; };
		38692DAE226454600048390D /* ProfileViewController.swift */ = {isa = PBXFileReference; lastKnownFileType = sourcecode.swift; path = ProfileViewController.swift; sourceTree = "<group>"; };
		38692DB0226454A70048390D /* HomeViewController.swift */ = {isa = PBXFileReference; lastKnownFileType = sourcecode.swift; path = HomeViewController.swift; sourceTree = "<group>"; };
/* End PBXFileReference section */

/* Begin PBXFrameworksBuildPhase section */
		38692D7322641F6C0048390D /* Frameworks */ = {
			isa = PBXFrameworksBuildPhase;
			buildActionMask = 2147483647;
			files = (
			);
			runOnlyForDeploymentPostprocessing = 0;
		};
		38692D8A22641F6E0048390D /* Frameworks */ = {
			isa = PBXFrameworksBuildPhase;
			buildActionMask = 2147483647;
			files = (
			);
			runOnlyForDeploymentPostprocessing = 0;
		};
		38692D9522641F6E0048390D /* Frameworks */ = {
			isa = PBXFrameworksBuildPhase;
			buildActionMask = 2147483647;
			files = (
			);
			runOnlyForDeploymentPostprocessing = 0;
		};
/* End PBXFrameworksBuildPhase section */

/* Begin PBXGroup section */
		38692D6D22641F6C0048390D = {
			isa = PBXGroup;
			children = (
				38692D7822641F6C0048390D /* VegFood */,
				38692D9022641F6E0048390D /* VegFoodTests */,
				38692D9B22641F6E0048390D /* VegFoodUITests */,
				38692D7722641F6C0048390D /* Products */,
			);
			sourceTree = "<group>";
		};
		38692D7722641F6C0048390D /* Products */ = {
			isa = PBXGroup;
			children = (
				38692D7622641F6C0048390D /* VegFood.app */,
				38692D8D22641F6E0048390D /* VegFoodTests.xctest */,
				38692D9822641F6E0048390D /* VegFoodUITests.xctest */,
			);
			name = Products;
			sourceTree = "<group>";
		};
		38692D7822641F6C0048390D /* VegFood */ = {
			isa = PBXGroup;
			children = (
				38692D7922641F6C0048390D /* AppDelegate.swift */,
				38692D7B22641F6C0048390D /* ViewController.swift */,
				38692D7D22641F6C0048390D /* Main.storyboard */,
				38692D8322641F6E0048390D /* Assets.xcassets */,
				38692D8522641F6E0048390D /* LaunchScreen.storyboard */,
				38692D8822641F6E0048390D /* Info.plist */,
				38692D8022641F6C0048390D /* VegFood.xcdatamodeld */,
				38692DAA226428D60048390D /* VegTableViewController.swift */,
				38692DAC226446C50048390D /* DishesDetailViewController.swift */,
				38692DAE226454600048390D /* ProfileViewController.swift */,
				38692DB0226454A70048390D /* HomeViewController.swift */,
				385D043C226465B8002983A4 /* vegTableViewCell.swift */,
			);
			path = VegFood;
			sourceTree = "<group>";
		};
		38692D9022641F6E0048390D /* VegFoodTests */ = {
			isa = PBXGroup;
			children = (
				38692D9122641F6E0048390D /* VegFoodTests.swift */,
				38692D9322641F6E0048390D /* Info.plist */,
			);
			path = VegFoodTests;
			sourceTree = "<group>";
		};
		38692D9B22641F6E0048390D /* VegFoodUITests */ = {
			isa = PBXGroup;
			children = (
				38692D9C22641F6E0048390D /* VegFoodUITests.swift */,
				38692D9E22641F6E0048390D /* Info.plist */,
			);
			path = VegFoodUITests;
			sourceTree = "<group>";
		};
/* End PBXGroup section */

/* Begin PBXNativeTarget section */
		38692D7522641F6C0048390D /* VegFood */ = {
			isa = PBXNativeTarget;
			buildConfigurationList = 38692DA122641F6E0048390D /* Build configuration list for PBXNativeTarget "VegFood" */;
			buildPhases = (
				38692D7222641F6C0048390D /* Sources */,
				38692D7322641F6C0048390D /* Frameworks */,
				38692D7422641F6C0048390D /* Resources */,
			);
			buildRules = (
			);
			dependencies = (
			);
			name = VegFood;
			productName = VegFood;
			productReference = 38692D7622641F6C0048390D /* VegFood.app */;
			productType = "com.apple.product-type.application";
		};
		38692D8C22641F6E0048390D /* VegFoodTests */ = {
			isa = PBXNativeTarget;
			buildConfigurationList = 38692DA422641F6E0048390D /* Build configuration list for PBXNativeTarget "VegFoodTests" */;
			buildPhases = (
				38692D8922641F6E0048390D /* Sources */,
				38692D8A22641F6E0048390D /* Frameworks */,
				38692D8B22641F6E0048390D /* Resources */,
			);
			buildRules = (
			);
			dependencies = (
				38692D8F22641F6E0048390D /* PBXTargetDependency */,
			);
			name = VegFoodTests;
			productName = VegFoodTests;
			productReference = 38692D8D22641F6E0048390D /* VegFoodTests.xctest */;
			productType = "com.apple.product-type.bundle.unit-test";
		};
		38692D9722641F6E0048390D /* VegFoodUITests */ = {
			isa = PBXNativeTarget;
			buildConfigurationList = 38692DA722641F6E0048390D /* Build configuration list for PBXNativeTarget "VegFoodUITests" */;
			buildPhases = (
				38692D9422641F6E0048390D /* Sources */,
				38692D9522641F6E0048390D /* Frameworks */,
				38692D9622641F6E0048390D /* Resources */,
			);
			buildRules = (
			);
			dependencies = (
				38692D9A22641F6E0048390D /* PBXTargetDependency */,
			);
			name = VegFoodUITests;
			productName = VegFoodUITests;
			productReference = 38692D9822641F6E0048390D /* VegFoodUITests.xctest */;
			productType = "com.apple.product-type.bundle.ui-testing";
		};
/* End PBXNativeTarget section */

/* Begin PBXProject section */
		38692D6E22641F6C0048390D /* Project object */ = {
			isa = PBXProject;
			attributes = {
				LastSwiftUpdateCheck = 1010;
				LastUpgradeCheck = 1010;
				ORGANIZATIONNAME = "Kanchan chatrath";
				TargetAttributes = {
					38692D7522641F6C0048390D = {
						CreatedOnToolsVersion = 10.1;
					};
					38692D8C22641F6E0048390D = {
						CreatedOnToolsVersion = 10.1;
						TestTargetID = 38692D7522641F6C0048390D;
					};
					38692D9722641F6E0048390D = {
						CreatedOnToolsVersion = 10.1;
						TestTargetID = 38692D7522641F6C0048390D;
					};
				};
			};
			buildConfigurationList = 38692D7122641F6C0048390D /* Build configuration list for PBXProject "VegFood" */;
			compatibilityVersion = "Xcode 9.3";
			developmentRegion = en;
			hasScannedForEncodings = 0;
			knownRegions = (
				en,
				Base,
			);
			mainGroup = 38692D6D22641F6C0048390D;
			productRefGroup = 38692D7722641F6C0048390D /* Products */;
			projectDirPath = "";
			projectRoot = "";
			targets = (
				38692D7522641F6C0048390D /* VegFood */,
				38692D8C22641F6E0048390D /* VegFoodTests */,
				38692D9722641F6E0048390D /* VegFoodUITests */,
			);
		};
/* End PBXProject section */

/* Begin PBXResourcesBuildPhase section */
		38692D7422641F6C0048390D /* Resources */ = {
			isa = PBXResourcesBuildPhase;
			buildActionMask = 2147483647;
			files = (
				38692D8722641F6E0048390D /* LaunchScreen.storyboard in Resources */,
				38692D8422641F6E0048390D /* Assets.xcassets in Resources */,
				38692D7F22641F6C0048390D /* Main.storyboard in Resources */,
			);
			runOnlyForDeploymentPostprocessing = 0;
		};
		38692D8B22641F6E0048390D /* Resources */ = {
			isa = PBXResourcesBuildPhase;
			buildActionMask = 2147483647;
			files = (
			);
			runOnlyForDeploymentPostprocessing = 0;
		};
		38692D9622641F6E0048390D /* Resources */ = {
			isa = PBXResourcesBuildPhase;
			buildActionMask = 2147483647;
			files = (
			);
			runOnlyForDeploymentPostprocessing = 0;
		};
/* End PBXResourcesBuildPhase section */

/* Begin PBXSourcesBuildPhase section */
		38692D7222641F6C0048390D /* Sources */ = {
			isa = PBXSourcesBuildPhase;
			buildActionMask = 2147483647;
			files = (
				38692DAF226454600048390D /* ProfileViewController.swift in Sources */,
				38692DAB226428D60048390D /* VegTableViewController.swift in Sources */,
				38692D7C22641F6C0048390D /* ViewController.swift in Sources */,
				38692DAD226446C50048390D /* DishesDetailViewController.swift in Sources */,
				38692D8222641F6C0048390D /* VegFood.xcdatamodeld in Sources */,
				38692DB1226454A70048390D /* HomeViewController.swift in Sources */,
				385D043D226465B8002983A4 /* vegTableViewCell.swift in Sources */,
				38692D7A22641F6C0048390D /* AppDelegate.swift in Sources */,
			);
			runOnlyForDeploymentPostprocessing = 0;
		};
		38692D8922641F6E0048390D /* Sources */ = {
			isa = PBXSourcesBuildPhase;
			buildActionMask = 2147483647;
			files = (
				38692D9222641F6E0048390D /* VegFoodTests.swift in Sources */,
			);
			runOnlyForDeploymentPostprocessing = 0;
		};
		38692D9422641F6E0048390D /* Sources */ = {
			isa = PBXSourcesBuildPhase;
			buildActionMask = 2147483647;
			files = (
				38692D9D22641F6E0048390D /* VegFoodUITests.swift in Sources */,
			);
			runOnlyForDeploymentPostprocessing = 0;
		};
/* End PBXSourcesBuildPhase section */

/* Begin PBXTargetDependency section */
		38692D8F22641F6E0048390D /* PBXTargetDependency */ = {
			isa = PBXTargetDependency;
			target = 38692D7522641F6C0048390D /* VegFood */;
			targetProxy = 38692D8E22641F6E0048390D /* PBXContainerItemProxy */;
		};
		38692D9A22641F6E0048390D /* PBXTargetDependency */ = {
			isa = PBXTargetDependency;
			target = 38692D7522641F6C0048390D /* VegFood */;
			targetProxy = 38692D9922641F6E0048390D /* PBXContainerItemProxy */;
		};
/* End PBXTargetDependency section */

/* Begin PBXVariantGroup section */
		38692D7D22641F6C0048390D /* Main.storyboard */ = {
			isa = PBXVariantGroup;
			children = (
				38692D7E22641F6C0048390D /* Base */,
			);
			name = Main.storyboard;
			sourceTree = "<group>";
		};
		38692D8522641F6E0048390D /* LaunchScreen.storyboard */ = {
			isa = PBXVariantGroup;
			children = (
				38692D8622641F6E0048390D /* Base */,
			);
			name = LaunchScreen.storyboard;
			sourceTree = "<group>";
		};
/* End PBXVariantGroup section */

/* Begin XCBuildConfiguration section */
		38692D9F22641F6E0048390D /* Debug */ = {
			isa = XCBuildConfiguration;
			buildSettings = {
				ALWAYS_SEARCH_USER_PATHS = NO;
				CLANG_ANALYZER_NONNULL = YES;
				CLANG_ANALYZER_NUMBER_OBJECT_CONVERSION = YES_AGGRESSIVE;
				CLANG_CXX_LANGUAGE_STANDARD = "gnu++14";
				CLANG_CXX_LIBRARY = "libc++";
				CLANG_ENABLE_MODULES = YES;
				CLANG_ENABLE_OBJC_ARC = YES;
				CLANG_ENABLE_OBJC_WEAK = YES;
				CLANG_WARN_BLOCK_CAPTURE_AUTORELEASING = YES;
				CLANG_WARN_BOOL_CONVERSION = YES;
				CLANG_WARN_COMMA = YES;
				CLANG_WARN_CONSTANT_CONVERSION = YES;
				CLANG_WARN_DEPRECATED_OBJC_IMPLEMENTATIONS = YES;
				CLANG_WARN_DIRECT_OBJC_ISA_USAGE = YES_ERROR;
				CLANG_WARN_DOCUMENTATION_COMMENTS = YES;
				CLANG_WARN_EMPTY_BODY = YES;
				CLANG_WARN_ENUM_CONVERSION = YES;
				CLANG_WARN_INFINITE_RECURSION = YES;
				CLANG_WARN_INT_CONVERSION = YES;
				CLANG_WARN_NON_LITERAL_NULL_CONVERSION = YES;
				CLANG_WARN_OBJC_IMPLICIT_RETAIN_SELF = YES;
				CLANG_WARN_OBJC_LITERAL_CONVERSION = YES;
				CLANG_WARN_OBJC_ROOT_CLASS = YES_ERROR;
				CLANG_WARN_RANGE_LOOP_ANALYSIS = YES;
				CLANG_WARN_STRICT_PROTOTYPES = YES;
				CLANG_WARN_SUSPICIOUS_MOVE = YES;
				CLANG_WARN_UNGUARDED_AVAILABILITY = YES_AGGRESSIVE;
				CLANG_WARN_UNREACHABLE_CODE = YES;
				CLANG_WARN__DUPLICATE_METHOD_MATCH = YES;
				CODE_SIGN_IDENTITY = "iPhone Developer";
				COPY_PHASE_STRIP = NO;
				DEBUG_INFORMATION_FORMAT = dwarf;
				ENABLE_STRICT_OBJC_MSGSEND = YES;
				ENABLE_TESTABILITY = YES;
				GCC_C_LANGUAGE_STANDARD = gnu11;
				GCC_DYNAMIC_NO_PIC = NO;
				GCC_NO_COMMON_BLOCKS = YES;
				GCC_OPTIMIZATION_LEVEL = 0;
				GCC_PREPROCESSOR_DEFINITIONS = (
					"DEBUG=1",
					"$(inherited)",
				);
				GCC_WARN_64_TO_32_BIT_CONVERSION = YES;
				GCC_WARN_ABOUT_RETURN_TYPE = YES_ERROR;
				GCC_WARN_UNDECLARED_SELECTOR = YES;
				GCC_WARN_UNINITIALIZED_AUTOS = YES_AGGRESSIVE;
				GCC_WARN_UNUSED_FUNCTION = YES;
				GCC_WARN_UNUSED_VARIABLE = YES;
				IPHONEOS_DEPLOYMENT_TARGET = 12.1;
				MTL_ENABLE_DEBUG_INFO = INCLUDE_SOURCE;
				MTL_FAST_MATH = YES;
				ONLY_ACTIVE_ARCH = YES;
				SDKROOT = iphoneos;
				SWIFT_ACTIVE_COMPILATION_CONDITIONS = DEBUG;
				SWIFT_OPTIMIZATION_LEVEL = "-Onone";
			};
			name = Debug;
		};
		38692DA022641F6E0048390D /* Release */ = {
			isa = XCBuildConfiguration;
			buildSettings = {
				ALWAYS_SEARCH_USER_PATHS = NO;
				CLANG_ANALYZER_NONNULL = YES;
				CLANG_ANALYZER_NUMBER_OBJECT_CONVERSION = YES_AGGRESSIVE;
				CLANG_CXX_LANGUAGE_STANDARD = "gnu++14";
				CLANG_CXX_LIBRARY = "libc++";
				CLANG_ENABLE_MODULES = YES;
				CLANG_ENABLE_OBJC_ARC = YES;
				CLANG_ENABLE_OBJC_WEAK = YES;
				CLANG_WARN_BLOCK_CAPTURE_AUTORELEASING = YES;
				CLANG_WARN_BOOL_CONVERSION = YES;
				CLANG_WARN_COMMA = YES;
				CLANG_WARN_CONSTANT_CONVERSION = YES;
				CLANG_WARN_DEPRECATED_OBJC_IMPLEMENTATIONS = YES;
				CLANG_WARN_DIRECT_OBJC_ISA_USAGE = YES_ERROR;
				CLANG_WARN_DOCUMENTATION_COMMENTS = YES;
				CLANG_WARN_EMPTY_BODY = YES;
				CLANG_WARN_ENUM_CONVERSION = YES;
				CLANG_WARN_INFINITE_RECURSION = YES;
				CLANG_WARN_INT_CONVERSION = YES;
				CLANG_WARN_NON_LITERAL_NULL_CONVERSION = YES;
				CLANG_WARN_OBJC_IMPLICIT_RETAIN_SELF = YES;
				CLANG_WARN_OBJC_LITERAL_CONVERSION = YES;
				CLANG_WARN_OBJC_ROOT_CLASS = YES_ERROR;
				CLANG_WARN_RANGE_LOOP_ANALYSIS = YES;
				CLANG_WARN_STRICT_PROTOTYPES = YES;
				CLANG_WARN_SUSPICIOUS_MOVE = YES;
				CLANG_WARN_UNGUARDED_AVAILABILITY = YES_AGGRESSIVE;
				CLANG_WARN_UNREACHABLE_CODE = YES;
				CLANG_WARN__DUPLICATE_METHOD_MATCH = YES;
				CODE_SIGN_IDENTITY = "iPhone Developer";
				COPY_PHASE_STRIP = NO;
				DEBUG_INFORMATION_FORMAT = "dwarf-with-dsym";
				ENABLE_NS_ASSERTIONS = NO;
				ENABLE_STRICT_OBJC_MSGSEND = YES;
				GCC_C_LANGUAGE_STANDARD = gnu11;
				GCC_NO_COMMON_BLOCKS = YES;
				GCC_WARN_64_TO_32_BIT_CONVERSION = YES;
				GCC_WARN_ABOUT_RETURN_TYPE = YES_ERROR;
				GCC_WARN_UNDECLARED_SELECTOR = YES;
				GCC_WARN_UNINITIALIZED_AUTOS = YES_AGGRESSIVE;
				GCC_WARN_UNUSED_FUNCTION = YES;
				GCC_WARN_UNUSED_VARIABLE = YES;
				IPHONEOS_DEPLOYMENT_TARGET = 12.1;
				MTL_ENABLE_DEBUG_INFO = NO;
				MTL_FAST_MATH = YES;
				SDKROOT = iphoneos;
				SWIFT_COMPILATION_MODE = wholemodule;
				SWIFT_OPTIMIZATION_LEVEL = "-O";
				VALIDATE_PRODUCT = YES;
			};
			name = Release;
		};
		38692DA222641F6E0048390D /* Debug */ = {
			isa = XCBuildConfiguration;
			buildSettings = {
				ASSETCATALOG_COMPILER_APPICON_NAME = AppIcon;
				CODE_SIGN_STYLE = Automatic;
				INFOPLIST_FILE = VegFood/Info.plist;
				LD_RUNPATH_SEARCH_PATHS = (
					"$(inherited)",
					"@executable_path/Frameworks",
				);
				PRODUCT_BUNDLE_IDENTIFIER = com.chatrathkanchan.VegFood;
				PRODUCT_NAME = "$(TARGET_NAME)";
				SWIFT_VERSION = 4.2;
				TARGETED_DEVICE_FAMILY = "1,2";
			};
			name = Debug;
		};
		38692DA322641F6E0048390D /* Release */ = {
			isa = XCBuildConfiguration;
			buildSettings = {
				ASSETCATALOG_COMPILER_APPICON_NAME = AppIcon;
				CODE_SIGN_STYLE = Automatic;
				INFOPLIST_FILE = VegFood/Info.plist;
				LD_RUNPATH_SEARCH_PATHS = (
					"$(inherited)",
					"@executable_path/Frameworks",
				);
				PRODUCT_BUNDLE_IDENTIFIER = com.chatrathkanchan.VegFood;
				PRODUCT_NAME = "$(TARGET_NAME)";
				SWIFT_VERSION = 4.2;
				TARGETED_DEVICE_FAMILY = "1,2";
			};
			name = Release;
		};
		38692DA522641F6E0048390D /* Debug */ = {
			isa = XCBuildConfiguration;
			buildSettings = {
				ALWAYS_EMBED_SWIFT_STANDARD_LIBRARIES = YES;
				BUNDLE_LOADER = "$(TEST_HOST)";
				CODE_SIGN_STYLE = Automatic;
				INFOPLIST_FILE = VegFoodTests/Info.plist;
				LD_RUNPATH_SEARCH_PATHS = (
					"$(inherited)",
					"@executable_path/Frameworks",
					"@loader_path/Frameworks",
				);
				PRODUCT_BUNDLE_IDENTIFIER = com.chatrathkanchan.VegFoodTests;
				PRODUCT_NAME = "$(TARGET_NAME)";
				SWIFT_VERSION = 4.2;
				TARGETED_DEVICE_FAMILY = "1,2";
				TEST_HOST = "$(BUILT_PRODUCTS_DIR)/VegFood.app/VegFood";
			};
			name = Debug;
		};
		38692DA622641F6E0048390D /* Release */ = {
			isa = XCBuildConfiguration;
			buildSettings = {
				ALWAYS_EMBED_SWIFT_STANDARD_LIBRARIES = YES;
				BUNDLE_LOADER = "$(TEST_HOST)";
				CODE_SIGN_STYLE = Automatic;
				INFOPLIST_FILE = VegFoodTests/Info.plist;
				LD_RUNPATH_SEARCH_PATHS = (
					"$(inherited)",
					"@executable_path/Frameworks",
					"@loader_path/Frameworks",
				);
				PRODUCT_BUNDLE_IDENTIFIER = com.chatrathkanchan.VegFoodTests;
				PRODUCT_NAME = "$(TARGET_NAME)";
				SWIFT_VERSION = 4.2;
				TARGETED_DEVICE_FAMILY = "1,2";
				TEST_HOST = "$(BUILT_PRODUCTS_DIR)/VegFood.app/VegFood";
			};
			name = Release;
		};
		38692DA822641F6E0048390D /* Debug */ = {
			isa = XCBuildConfiguration;
			buildSettings = {
				ALWAYS_EMBED_SWIFT_STANDARD_LIBRARIES = YES;
				CODE_SIGN_STYLE = Automatic;
				INFOPLIST_FILE = VegFoodUITests/Info.plist;
				LD_RUNPATH_SEARCH_PATHS = (
					"$(inherited)",
					"@executable_path/Frameworks",
					"@loader_path/Frameworks",
				);
				PRODUCT_BUNDLE_IDENTIFIER = com.chatrathkanchan.VegFoodUITests;
				PRODUCT_NAME = "$(TARGET_NAME)";
				SWIFT_VERSION = 4.2;
				TARGETED_DEVICE_FAMILY = "1,2";
				TEST_TARGET_NAME = VegFood;
			};
			name = Debug;
		};
		38692DA922641F6E0048390D /* Release */ = {
			isa = XCBuildConfiguration;
			buildSettings = {
				ALWAYS_EMBED_SWIFT_STANDARD_LIBRARIES = YES;
				CODE_SIGN_STYLE = Automatic;
				INFOPLIST_FILE = VegFoodUITests/Info.plist;
				LD_RUNPATH_SEARCH_PATHS = (
					"$(inherited)",
					"@executable_path/Frameworks",
					"@loader_path/Frameworks",
				);
				PRODUCT_BUNDLE_IDENTIFIER = com.chatrathkanchan.VegFoodUITests;
				PRODUCT_NAME = "$(TARGET_NAME)";
				SWIFT_VERSION = 4.2;
				TARGETED_DEVICE_FAMILY = "1,2";
				TEST_TARGET_NAME = VegFood;
			};
			name = Release;
		};
/* End XCBuildConfiguration section */

/* Begin XCConfigurationList section */
		38692D7122641F6C0048390D /* Build configuration list for PBXProject "VegFood" */ = {
			isa = XCConfigurationList;
			buildConfigurations = (
				38692D9F22641F6E0048390D /* Debug */,
				38692DA022641F6E0048390D /* Release */,
			);
			defaultConfigurationIsVisible = 0;
			defaultConfigurationName = Release;
		};
		38692DA122641F6E0048390D /* Build configuration list for PBXNativeTarget "VegFood" */ = {
			isa = XCConfigurationList;
			buildConfigurations = (
				38692DA222641F6E0048390D /* Debug */,
				38692DA322641F6E0048390D /* Release */,
			);
			defaultConfigurationIsVisible = 0;
			defaultConfigurationName = Release;
		};
		38692DA422641F6E0048390D /* Build configuration list for PBXNativeTarget "VegFoodTests" */ = {
			isa = XCConfigurationList;
			buildConfigurations = (
				38692DA522641F6E0048390D /* Debug */,
				38692DA622641F6E0048390D /* Release */,
			);
			defaultConfigurationIsVisible = 0;
			defaultConfigurationName = Release;
		};
		38692DA722641F6E0048390D /* Build configuration list for PBXNativeTarget "VegFoodUITests" */ = {
			isa = XCConfigurationList;
			buildConfigurations = (
				38692DA822641F6E0048390D /* Debug */,
				38692DA922641F6E0048390D /* Release */,
			);
			defaultConfigurationIsVisible = 0;
			defaultConfigurationName = Release;
		};
/* End XCConfigurationList section */

/* Begin XCVersionGroup section */
		38692D8022641F6C0048390D /* VegFood.xcdatamodeld */ = {
			isa = XCVersionGroup;
			children = (
				38692D8122641F6C0048390D /* VegFood.xcdatamodel */,
			);
			currentVersion = 38692D8122641F6C0048390D /* VegFood.xcdatamodel */;
			path = VegFood.xcdatamodeld;
			sourceTree = "<group>";
			versionGroupType = wrapper.xcdatamodel;
		};
/* End XCVersionGroup section */
	};
	rootObject = 38692D6E22641F6C0048390D /* Project object */;
}
